
Microsoft Visual Studio Solution File, Format Version 12.00
# Visual Studio Version 17
VisualStudioVersion = 17.9.34728.123
MinimumVisualStudioVersion = 10.0.40219.1
Project("{FAE04EC0-301F-11D3-BF4B-00C04F79EFBC}") = "ImageProcessing", "ImageProcessing\ImageProcessing.csproj", "{BEA09F81-56ED-4F10-A4AA-4DF955233260}"
EndProject
Global
	GlobalSection(SolutionConfigurationPlatforms) = preSolution
		Debug|Any CPU = Debug|Any CPU
		Release|Any CPU = Release|Any CPU
	EndGlobalSection
	GlobalSection(ProjectConfigurationPlatforms) = postSolution
		{BEA09F81-56ED-4F10-A4AA-4DF955233260}.Debug|Any CPU.ActiveCfg = Debug|Any CPU
		{BEA09F81-56ED-4F10-A4AA-4DF955233260}.Debug|Any CPU.Build.0 = Debug|Any CPU
		{BEA09F81-56ED-4F10-A4AA-4DF955233260}.Release|Any CPU.ActiveCfg = Release|Any CPU
		{BEA09F81-56ED-4F10-A4AA-4DF955233260}.Release|Any CPU.Build.0 = Release|Any CPU
	EndGlobalSection
	GlobalSection(SolutionProperties) = preSolution
		HideSolutionNode = FALSE
	EndGlobalSection
	GlobalSection(ExtensibilityGlobals) = postSolution
		SolutionGuid = {D7749880-0ED2-4E79-B83D-51E958807955}
	EndGlobalSection
EndGlobal
